// !$*UTF8*$!
{
	archiveVersion = 1;
	classes = {
	};
	objectVersion = 46;
	objects = {

/* Begin PBXBuildFile section */
		0D4B847719899BCD00DD2483 /* GEL.framework in Frameworks */ = {isa = PBXBuildFile; fileRef = 0D4B847619899BCD00DD2483 /* GEL.framework */; };
		0DA84987193D067F0067DA3B /* OpenGL.framework in Frameworks */ = {isa = PBXBuildFile; fileRef = 0DA84986193D067F0067DA3B /* OpenGL.framework */; };
		0DA84989193D06850067DA3B /* GLUT.framework in Frameworks */ = {isa = PBXBuildFile; fileRef = 0DA84988193D06850067DA3B /* GLUT.framework */; };
		0DD4563D1989A7630031C970 /* glut_main.cpp in Sources */ = {isa = PBXBuildFile; fileRef = 0DD4563B1989A7630031C970 /* glut_main.cpp */; };
/* End PBXBuildFile section */

/* Begin PBXCopyFilesBuildPhase section */
		0DA84970193D06590067DA3B /* CopyFiles */ = {
			isa = PBXCopyFilesBuildPhase;
			buildActionMask = 2147483647;
			dstPath = /usr/share/man/man1/;
			dstSubfolderSpec = 0;
			files = (
			);
			runOnlyForDeploymentPostprocessing = 1;
		};
/* End PBXCopyFilesBuildPhase section */

/* Begin PBXFileReference section */
		0D4B847619899BCD00DD2483 /* GEL.framework */ = {isa = PBXFileReference; lastKnownFileType = wrapper.framework; name = GEL.framework; path = "../../../Library/Developer/Xcode/DerivedData/GEL-bvshujpzghydbagznpheiutqilzk/Build/Products/Debug/GEL.framework"; sourceTree = "<group>"; };
		0DA84972193D06590067DA3B /* MeshEditGLUT */ = {isa = PBXFileReference; explicitFileType = "compiled.mach-o.executable"; includeInIndex = 0; path = MeshEditGLUT; sourceTree = BUILT_PRODUCTS_DIR; };
		0DA84986193D067F0067DA3B /* OpenGL.framework */ = {isa = PBXFileReference; lastKnownFileType = wrapper.framework; name = OpenGL.framework; path = System/Library/Frameworks/OpenGL.framework; sourceTree = SDKROOT; };
		0DA84988193D06850067DA3B /* GLUT.framework */ = {isa = PBXFileReference; lastKnownFileType = wrapper.framework; name = GLUT.framework; path = System/Library/Frameworks/GLUT.framework; sourceTree = SDKROOT; };
		0DD4563B1989A7630031C970 /* glut_main.cpp */ = {isa = PBXFileReference; fileEncoding = 4; lastKnownFileType = sourcecode.cpp.cpp; path = glut_main.cpp; sourceTree = "<group>"; };
		0DD4563C1989A7630031C970 /* glut_main.h */ = {isa = PBXFileReference; fileEncoding = 4; lastKnownFileType = sourcecode.c.h; path = glut_main.h; sourceTree = "<group>"; };
/* End PBXFileReference section */

/* Begin PBXFrameworksBuildPhase section */
		0DA8496F193D06590067DA3B /* Frameworks */ = {
			isa = PBXFrameworksBuildPhase;
			buildActionMask = 2147483647;
			files = (
				0DA84989193D06850067DA3B /* GLUT.framework in Frameworks */,
				0DA84987193D067F0067DA3B /* OpenGL.framework in Frameworks */,
				0D4B847719899BCD00DD2483 /* GEL.framework in Frameworks */,
			);
			runOnlyForDeploymentPostprocessing = 0;
		};
/* End PBXFrameworksBuildPhase section */

/* Begin PBXGroup section */
		0DA84969193D06590067DA3B = {
			isa = PBXGroup;
			children = (
				0DD4563A1989A7630031C970 /* MeshEditGlut */,
				0D4B847619899BCD00DD2483 /* GEL.framework */,
				0DA84988193D06850067DA3B /* GLUT.framework */,
				0DA84986193D067F0067DA3B /* OpenGL.framework */,
				0DA84973193D06590067DA3B /* Products */,
			);
			sourceTree = "<group>";
		};
		0DA84973193D06590067DA3B /* Products */ = {
			isa = PBXGroup;
			children = (
				0DA84972193D06590067DA3B /* MeshEditGLUT */,
			);
			name = Products;
			sourceTree = "<group>";
		};
		0DD4563A1989A7630031C970 /* MeshEditGlut */ = {
			isa = PBXGroup;
			children = (
				0DD4563B1989A7630031C970 /* glut_main.cpp */,
				0DD4563C1989A7630031C970 /* glut_main.h */,
			);
			name = MeshEditGlut;
			path = ../../src/demo/MeshEditGlut;
			sourceTree = "<group>";
		};
/* End PBXGroup section */

/* Begin PBXNativeTarget section */
		0DA84971193D06590067DA3B /* MeshEditGLUT */ = {
			isa = PBXNativeTarget;
			buildConfigurationList = 0DA8497B193D06590067DA3B /* Build configuration list for PBXNativeTarget "MeshEditGLUT" */;
			buildPhases = (
				0DA8496E193D06590067DA3B /* Sources */,
				0DA8496F193D06590067DA3B /* Frameworks */,
				0DA84970193D06590067DA3B /* CopyFiles */,
			);
			buildRules = (
			);
			dependencies = (
			);
			name = MeshEditGLUT;
			productName = MeshEditGLUT;
			productReference = 0DA84972193D06590067DA3B /* MeshEditGLUT */;
			productType = "com.apple.product-type.tool";
		};
/* End PBXNativeTarget section */

/* Begin PBXProject section */
		0DA8496A193D06590067DA3B /* Project object */ = {
			isa = PBXProject;
			attributes = {
				LastUpgradeCheck = 0510;
				ORGANIZATIONNAME = "J. Andreas Bærentzen";
			};
			buildConfigurationList = 0DA8496D193D06590067DA3B /* Build configuration list for PBXProject "MeshEditGLUT" */;
			compatibilityVersion = "Xcode 3.2";
			developmentRegion = English;
			hasScannedForEncodings = 0;
			knownRegions = (
				en,
			);
			mainGroup = 0DA84969193D06590067DA3B;
			productRefGroup = 0DA84973193D06590067DA3B /* Products */;
			projectDirPath = "";
			projectRoot = "";
			targets = (
				0DA84971193D06590067DA3B /* MeshEditGLUT */,
			);
		};
/* End PBXProject section */

/* Begin PBXSourcesBuildPhase section */
		0DA8496E193D06590067DA3B /* Sources */ = {
			isa = PBXSourcesBuildPhase;
			buildActionMask = 2147483647;
			files = (
				0DD4563D1989A7630031C970 /* glut_main.cpp in Sources */,
			);
			runOnlyForDeploymentPostprocessing = 0;
		};
/* End PBXSourcesBuildPhase section */

/* Begin XCBuildConfiguration section */
		0DA84979193D06590067DA3B /* Debug */ = {
			isa = XCBuildConfiguration;
			buildSettings = {
				ALWAYS_SEARCH_USER_PATHS = NO;
				CLANG_CXX_LANGUAGE_STANDARD = "gnu++0x";
				CLANG_CXX_LIBRARY = "libc++";
				CLANG_ENABLE_MODULES = YES;
				CLANG_ENABLE_OBJC_ARC = YES;
				CLANG_WARN_BOOL_CONVERSION = YES;
				CLANG_WARN_CONSTANT_CONVERSION = YES;
				CLANG_WARN_DIRECT_OBJC_ISA_USAGE = YES_ERROR;
				CLANG_WARN_EMPTY_BODY = YES;
				CLANG_WARN_ENUM_CONVERSION = YES;
				CLANG_WARN_INT_CONVERSION = YES;
				CLANG_WARN_OBJC_ROOT_CLASS = YES_ERROR;
				CLANG_WARN__DUPLICATE_METHOD_MATCH = YES;
				COPY_PHASE_STRIP = NO;
				GCC_C_LANGUAGE_STANDARD = gnu99;
				GCC_DYNAMIC_NO_PIC = NO;
				GCC_ENABLE_OBJC_EXCEPTIONS = YES;
				GCC_OPTIMIZATION_LEVEL = 0;
				GCC_PREPROCESSOR_DEFINITIONS = (
					"DEBUG=1",
					"$(inherited)",
				);
				GCC_SYMBOLS_PRIVATE_EXTERN = NO;
				GCC_WARN_64_TO_32_BIT_CONVERSION = YES;
				GCC_WARN_ABOUT_RETURN_TYPE = YES_ERROR;
				GCC_WARN_UNDECLARED_SELECTOR = YES;
				GCC_WARN_UNINITIALIZED_AUTOS = YES_AGGRESSIVE;
				GCC_WARN_UNUSED_FUNCTION = YES;
				GCC_WARN_UNUSED_VARIABLE = YES;
				MACOSX_DEPLOYMENT_TARGET = 10.9;
				ONLY_ACTIVE_ARCH = YES;
				SDKROOT = macosx;
			};
			name = Debug;
		};
		0DA8497A193D06590067DA3B /* Release */ = {
			isa = XCBuildConfiguration;
			buildSettings = {
				ALWAYS_SEARCH_USER_PATHS = NO;
				CLANG_CXX_LANGUAGE_STANDARD = "gnu++0x";
				CLANG_CXX_LIBRARY = "libc++";
				CLANG_ENABLE_MODULES = YES;
				CLANG_ENABLE_OBJC_ARC = YES;
				CLANG_WARN_BOOL_CONVERSION = YES;
				CLANG_WARN_CONSTANT_CONVERSION = YES;
				CLANG_WARN_DIRECT_OBJC_ISA_USAGE = YES_ERROR;
				CLANG_WARN_EMPTY_BODY = YES;
				CLANG_WARN_ENUM_CONVERSION = YES;
				CLANG_WARN_INT_CONVERSION = YES;
				CLANG_WARN_OBJC_ROOT_CLASS = YES_ERROR;
				CLANG_WARN__DUPLICATE_METHOD_MATCH = YES;
				COPY_PHASE_STRIP = YES;
				DEBUG_INFORMATION_FORMAT = "dwarf-with-dsym";
				ENABLE_NS_ASSERTIONS = NO;
				GCC_C_LANGUAGE_STANDARD = gnu99;
				GCC_ENABLE_OBJC_EXCEPTIONS = YES;
				GCC_WARN_64_TO_32_BIT_CONVERSION = YES;
				GCC_WARN_ABOUT_RETURN_TYPE = YES_ERROR;
				GCC_WARN_UNDECLARED_SELECTOR = YES;
				GCC_WARN_UNINITIALIZED_AUTOS = YES_AGGRESSIVE;
				GCC_WARN_UNUSED_FUNCTION = YES;
				GCC_WARN_UNUSED_VARIABLE = YES;
				MACOSX_DEPLOYMENT_TARGET = 10.9;
				SDKROOT = macosx;
			};
			name = Release;
		};
		0DA8497C193D06590067DA3B /* Debug */ = {
			isa = XCBuildConfiguration;
			buildSettings = {
				FRAMEWORK_SEARCH_PATHS = (
					"$(inherited)",
					"$(USER_LIBRARY_DIR)/Developer/Xcode/DerivedData/GEL-girpjowuwxphleewpuevkjrfaitq/Build/Products/Debug",
					"$(USER_LIBRARY_DIR)/Developer/Xcode/DerivedData/GEL-bvshujpzghydbagznpheiutqilzk/Build/Products/Debug",
				);
				PRODUCT_NAME = "$(TARGET_NAME)";
			};
			name = Debug;
		};
		0DA8497D193D06590067DA3B /* Release */ = {
			isa = XCBuildConfiguration;
			buildSettings = {
				FRAMEWORK_SEARCH_PATHS = (
					"$(inherited)",
					"$(USER_LIBRARY_DIR)/Developer/Xcode/DerivedData/GEL-girpjowuwxphleewpuevkjrfaitq/Build/Products/Debug",
					"$(USER_LIBRARY_DIR)/Developer/Xcode/DerivedData/GEL-bvshujpzghydbagznpheiutqilzk/Build/Products/Debug",
				);
				PRODUCT_NAME = "$(TARGET_NAME)";
			};
			name = Release;
		};
/* End XCBuildConfiguration section */

/* Begin XCConfigurationList section */
		0DA8496D193D06590067DA3B /* Build configuration list for PBXProject "MeshEditGLUT" */ = {
			isa = XCConfigurationList;
			buildConfigurations = (
				0DA84979193D06590067DA3B /* Debug */,
				0DA8497A193D06590067DA3B /* Release */,
			);
			defaultConfigurationIsVisible = 0;
			defaultConfigurationName = Release;
		};
		0DA8497B193D06590067DA3B /* Build configuration list for PBXNativeTarget "MeshEditGLUT" */ = {
			isa = XCConfigurationList;
			buildConfigurations = (
				0DA8497C193D06590067DA3B /* Debug */,
				0DA8497D193D06590067DA3B /* Release */,
			);
			defaultConfigurationIsVisible = 0;
			defaultConfigurationName = Release;
		};
/* End XCConfigurationList section */
	};
	rootObject = 0DA8496A193D06590067DA3B /* Project object */;
}
