// !$*UTF8*$!
{
	archiveVersion = 1;
	classes = {
	};
	objectVersion = 56;
	objects = {

/* Begin PBXBuildFile section */
		E12C8E902B46FB8800D3CD3A /* main.cpp in Sources */ = {isa = PBXBuildFile; fileRef = E12C8E8F2B46FB8800D3CD3A /* main.cpp */; };
		E12C8E9A2B46FBB900D3CD3A /* GEL.framework in Frameworks */ = {isa = PBXBuildFile; fileRef = E12C8E962B46FBA300D3CD3A /* GEL.framework */; };
/* End PBXBuildFile section */

/* Begin PBXContainerItemProxy section */
		E12C8E952B46FBA300D3CD3A /* PBXContainerItemProxy */ = {
			isa = PBXContainerItemProxy;
			containerPortal = E12C8E912B46FBA300D3CD3A /* GEL.xcodeproj */;
			proxyType = 2;
			remoteGlobalIDString = 0D859993193D01B6009DB071;
			remoteInfo = GEL;
		};
		E12C8E972B46FBB100D3CD3A /* PBXContainerItemProxy */ = {
			isa = PBXContainerItemProxy;
			containerPortal = E12C8E912B46FBA300D3CD3A /* GEL.xcodeproj */;
			proxyType = 1;
			remoteGlobalIDString = 0D859992193D01B6009DB071;
			remoteInfo = GEL;
		};
/* End PBXContainerItemProxy section */

/* Begin PBXCopyFilesBuildPhase section */
		E12C8E832B46FB7500D3CD3A /* CopyFiles */ = {
			isa = PBXCopyFilesBuildPhase;
			buildActionMask = 2147483647;
			dstPath = /usr/share/man/man1/;
			dstSubfolderSpec = 0;
			files = (
			);
			runOnlyForDeploymentPostprocessing = 1;
		};
/* End PBXCopyFilesBuildPhase section */

/* Begin PBXFileReference section */
		E12C8E852B46FB7500D3CD3A /* SkeletonizePointCloud */ = {isa = PBXFileReference; explicitFileType = "compiled.mach-o.executable"; includeInIndex = 0; path = SkeletonizePointCloud; sourceTree = BUILT_PRODUCTS_DIR; };
		E12C8E8F2B46FB8800D3CD3A /* main.cpp */ = {isa = PBXFileReference; fileEncoding = 4; lastKnownFileType = sourcecode.cpp.cpp; name = main.cpp; path = ../../../../src/demo/SkeletonizePointCloud/main.cpp; sourceTree = "<group>"; };
		E12C8E912B46FBA300D3CD3A /* GEL.xcodeproj */ = {isa = PBXFileReference; lastKnownFileType = "wrapper.pb-project"; name = GEL.xcodeproj; path = ../../GEL.xcodeproj; sourceTree = "<group>"; };
		E12C8E9B2B46FF1900D3CD3A /* SkeletonizePointCloud.entitlements */ = {isa = PBXFileReference; lastKnownFileType = text.plist.entitlements; path = SkeletonizePointCloud.entitlements; sourceTree = "<group>"; };
/* End PBXFileReference section */

/* Begin PBXFrameworksBuildPhase section */
		E12C8E822B46FB7500D3CD3A /* Frameworks */ = {
			isa = PBXFrameworksBuildPhase;
			buildActionMask = 2147483647;
			files = (
				E12C8E9A2B46FBB900D3CD3A /* GEL.framework in Frameworks */,
			);
			runOnlyForDeploymentPostprocessing = 0;
		};
/* End PBXFrameworksBuildPhase section */

/* Begin PBXGroup section */
		E12C8E7C2B46FB7500D3CD3A = {
			isa = PBXGroup;
			children = (
				E12C8E912B46FBA300D3CD3A /* GEL.xcodeproj */,
				E12C8E872B46FB7500D3CD3A /* SkeletonizePointCloud */,
				E12C8E862B46FB7500D3CD3A /* Products */,
				E12C8E992B46FBB900D3CD3A /* Frameworks */,
			);
			sourceTree = "<group>";
		};
		E12C8E862B46FB7500D3CD3A /* Products */ = {
			isa = PBXGroup;
			children = (
				E12C8E852B46FB7500D3CD3A /* SkeletonizePointCloud */,
			);
			name = Products;
			sourceTree = "<group>";
		};
		E12C8E872B46FB7500D3CD3A /* SkeletonizePointCloud */ = {
			isa = PBXGroup;
			children = (
				E12C8E9B2B46FF1900D3CD3A /* SkeletonizePointCloud.entitlements */,
				E12C8E8F2B46FB8800D3CD3A /* main.cpp */,
			);
			path = SkeletonizePointCloud;
			sourceTree = "<group>";
		};
		E12C8E922B46FBA300D3CD3A /* Products */ = {
			isa = PBXGroup;
			children = (
				E12C8E962B46FBA300D3CD3A /* GEL.framework */,
			);
			name = Products;
			sourceTree = "<group>";
		};
		E12C8E992B46FBB900D3CD3A /* Frameworks */ = {
			isa = PBXGroup;
			children = (
			);
			name = Frameworks;
			sourceTree = "<group>";
		};
/* End PBXGroup section */

/* Begin PBXNativeTarget section */
		E12C8E842B46FB7500D3CD3A /* SkeletonizePointCloud */ = {
			isa = PBXNativeTarget;
			buildConfigurationList = E12C8E8C2B46FB7500D3CD3A /* Build configuration list for PBXNativeTarget "SkeletonizePointCloud" */;
			buildPhases = (
				E12C8E812B46FB7500D3CD3A /* Sources */,
				E12C8E822B46FB7500D3CD3A /* Frameworks */,
				E12C8E832B46FB7500D3CD3A /* CopyFiles */,
			);
			buildRules = (
			);
			dependencies = (
				E12C8E982B46FBB100D3CD3A /* PBXTargetDependency */,
			);
			name = SkeletonizePointCloud;
			productName = SkeletonizePointCloud;
			productReference = E12C8E852B46FB7500D3CD3A /* SkeletonizePointCloud */;
			productType = "com.apple.product-type.tool";
		};
/* End PBXNativeTarget section */

/* Begin PBXProject section */
		E12C8E7D2B46FB7500D3CD3A /* Project object */ = {
			isa = PBXProject;
			attributes = {
				BuildIndependentTargetsInParallel = 1;
				LastUpgradeCheck = 1510;
				TargetAttributes = {
					E12C8E842B46FB7500D3CD3A = {
						CreatedOnToolsVersion = 15.1;
					};
				};
			};
			buildConfigurationList = E12C8E802B46FB7500D3CD3A /* Build configuration list for PBXProject "SkeletonizePointCloud" */;
			compatibilityVersion = "Xcode 14.0";
			developmentRegion = en;
			hasScannedForEncodings = 0;
			knownRegions = (
				en,
				Base,
			);
			mainGroup = E12C8E7C2B46FB7500D3CD3A;
			productRefGroup = E12C8E862B46FB7500D3CD3A /* Products */;
			projectDirPath = "";
			projectReferences = (
				{
					ProductGroup = E12C8E922B46FBA300D3CD3A /* Products */;
					ProjectRef = E12C8E912B46FBA300D3CD3A /* GEL.xcodeproj */;
				},
			);
			projectRoot = "";
			targets = (
				E12C8E842B46FB7500D3CD3A /* SkeletonizePointCloud */,
			);
		};
/* End PBXProject section */

/* Begin PBXReferenceProxy section */
		E12C8E962B46FBA300D3CD3A /* GEL.framework */ = {
			isa = PBXReferenceProxy;
			fileType = wrapper.framework;
			path = GEL.framework;
			remoteRef = E12C8E952B46FBA300D3CD3A /* PBXContainerItemProxy */;
			sourceTree = BUILT_PRODUCTS_DIR;
		};
/* End PBXReferenceProxy section */

/* Begin PBXSourcesBuildPhase section */
		E12C8E812B46FB7500D3CD3A /* Sources */ = {
			isa = PBXSourcesBuildPhase;
			buildActionMask = 2147483647;
			files = (
				E12C8E902B46FB8800D3CD3A /* main.cpp in Sources */,
			);
			runOnlyForDeploymentPostprocessing = 0;
		};
/* End PBXSourcesBuildPhase section */

/* Begin PBXTargetDependency section */
		E12C8E982B46FBB100D3CD3A /* PBXTargetDependency */ = {
			isa = PBXTargetDependency;
			name = GEL;
			targetProxy = E12C8E972B46FBB100D3CD3A /* PBXContainerItemProxy */;
		};
/* End PBXTargetDependency section */

/* Begin XCBuildConfiguration section */
		E12C8E8A2B46FB7500D3CD3A /* Debug */ = {
			isa = XCBuildConfiguration;
			buildSettings = {
				ALWAYS_SEARCH_USER_PATHS = NO;
				ASSETCATALOG_COMPILER_GENERATE_SWIFT_ASSET_SYMBOL_EXTENSIONS = YES;
				CLANG_ANALYZER_NONNULL = YES;
				CLANG_ANALYZER_NUMBER_OBJECT_CONVERSION = YES_AGGRESSIVE;
				CLANG_CXX_LANGUAGE_STANDARD = "gnu++20";
				CLANG_ENABLE_MODULES = YES;
				CLANG_ENABLE_OBJC_ARC = YES;
				CLANG_ENABLE_OBJC_WEAK = YES;
				CLANG_WARN_BLOCK_CAPTURE_AUTORELEASING = YES;
				CLANG_WARN_BOOL_CONVERSION = YES;
				CLANG_WARN_COMMA = YES;
				CLANG_WARN_CONSTANT_CONVERSION = YES;
				CLANG_WARN_DEPRECATED_OBJC_IMPLEMENTATIONS = YES;
				CLANG_WARN_DIRECT_OBJC_ISA_USAGE = YES_ERROR;
				CLANG_WARN_DOCUMENTATION_COMMENTS = YES;
				CLANG_WARN_EMPTY_BODY = YES;
				CLANG_WARN_ENUM_CONVERSION = YES;
				CLANG_WARN_INFINITE_RECURSION = YES;
				CLANG_WARN_INT_CONVERSION = YES;
				CLANG_WARN_NON_LITERAL_NULL_CONVERSION = YES;
				CLANG_WARN_OBJC_IMPLICIT_RETAIN_SELF = YES;
				CLANG_WARN_OBJC_LITERAL_CONVERSION = YES;
				CLANG_WARN_OBJC_ROOT_CLASS = YES_ERROR;
				CLANG_WARN_QUOTED_INCLUDE_IN_FRAMEWORK_HEADER = YES;
				CLANG_WARN_RANGE_LOOP_ANALYSIS = YES;
				CLANG_WARN_STRICT_PROTOTYPES = YES;
				CLANG_WARN_SUSPICIOUS_MOVE = YES;
				CLANG_WARN_UNGUARDED_AVAILABILITY = YES_AGGRESSIVE;
				CLANG_WARN_UNREACHABLE_CODE = YES;
				CLANG_WARN__DUPLICATE_METHOD_MATCH = YES;
				COPY_PHASE_STRIP = NO;
				DEBUG_INFORMATION_FORMAT = dwarf;
				ENABLE_STRICT_OBJC_MSGSEND = YES;
				ENABLE_TESTABILITY = YES;
				ENABLE_USER_SCRIPT_SANDBOXING = YES;
				GCC_C_LANGUAGE_STANDARD = gnu17;
				GCC_DYNAMIC_NO_PIC = NO;
				GCC_NO_COMMON_BLOCKS = YES;
				GCC_OPTIMIZATION_LEVEL = 0;
				GCC_PREPROCESSOR_DEFINITIONS = (
					"DEBUG=1",
					"$(inherited)",
				);
				GCC_WARN_64_TO_32_BIT_CONVERSION = YES;
				GCC_WARN_ABOUT_RETURN_TYPE = YES_ERROR;
				GCC_WARN_UNDECLARED_SELECTOR = YES;
				GCC_WARN_UNINITIALIZED_AUTOS = YES_AGGRESSIVE;
				GCC_WARN_UNUSED_FUNCTION = YES;
				GCC_WARN_UNUSED_VARIABLE = YES;
				LOCALIZATION_PREFERS_STRING_CATALOGS = YES;
				MACOSX_DEPLOYMENT_TARGET = 12.0;
				MTL_ENABLE_DEBUG_INFO = INCLUDE_SOURCE;
				MTL_FAST_MATH = YES;
				ONLY_ACTIVE_ARCH = YES;
				SDKROOT = macosx;
			};
			name = Debug;
		};
		E12C8E8B2B46FB7500D3CD3A /* Release */ = {
			isa = XCBuildConfiguration;
			buildSettings = {
				ALWAYS_SEARCH_USER_PATHS = NO;
				ASSETCATALOG_COMPILER_GENERATE_SWIFT_ASSET_SYMBOL_EXTENSIONS = YES;
				CLANG_ANALYZER_NONNULL = YES;
				CLANG_ANALYZER_NUMBER_OBJECT_CONVERSION = YES_AGGRESSIVE;
				CLANG_CXX_LANGUAGE_STANDARD = "gnu++20";
				CLANG_ENABLE_MODULES = YES;
				CLANG_ENABLE_OBJC_ARC = YES;
				CLANG_ENABLE_OBJC_WEAK = YES;
				CLANG_WARN_BLOCK_CAPTURE_AUTORELEASING = YES;
				CLANG_WARN_BOOL_CONVERSION = YES;
				CLANG_WARN_COMMA = YES;
				CLANG_WARN_CONSTANT_CONVERSION = YES;
				CLANG_WARN_DEPRECATED_OBJC_IMPLEMENTATIONS = YES;
				CLANG_WARN_DIRECT_OBJC_ISA_USAGE = YES_ERROR;
				CLANG_WARN_DOCUMENTATION_COMMENTS = YES;
				CLANG_WARN_EMPTY_BODY = YES;
				CLANG_WARN_ENUM_CONVERSION = YES;
				CLANG_WARN_INFINITE_RECURSION = YES;
				CLANG_WARN_INT_CONVERSION = YES;
				CLANG_WARN_NON_LITERAL_NULL_CONVERSION = YES;
				CLANG_WARN_OBJC_IMPLICIT_RETAIN_SELF = YES;
				CLANG_WARN_OBJC_LITERAL_CONVERSION = YES;
				CLANG_WARN_OBJC_ROOT_CLASS = YES_ERROR;
				CLANG_WARN_QUOTED_INCLUDE_IN_FRAMEWORK_HEADER = YES;
				CLANG_WARN_RANGE_LOOP_ANALYSIS = YES;
				CLANG_WARN_STRICT_PROTOTYPES = YES;
				CLANG_WARN_SUSPICIOUS_MOVE = YES;
				CLANG_WARN_UNGUARDED_AVAILABILITY = YES_AGGRESSIVE;
				CLANG_WARN_UNREACHABLE_CODE = YES;
				CLANG_WARN__DUPLICATE_METHOD_MATCH = YES;
				COPY_PHASE_STRIP = NO;
				DEBUG_INFORMATION_FORMAT = "dwarf-with-dsym";
				ENABLE_NS_ASSERTIONS = NO;
				ENABLE_STRICT_OBJC_MSGSEND = YES;
				ENABLE_USER_SCRIPT_SANDBOXING = YES;
				GCC_C_LANGUAGE_STANDARD = gnu17;
				GCC_NO_COMMON_BLOCKS = YES;
				GCC_WARN_64_TO_32_BIT_CONVERSION = YES;
				GCC_WARN_ABOUT_RETURN_TYPE = YES_ERROR;
				GCC_WARN_UNDECLARED_SELECTOR = YES;
				GCC_WARN_UNINITIALIZED_AUTOS = YES_AGGRESSIVE;
				GCC_WARN_UNUSED_FUNCTION = YES;
				GCC_WARN_UNUSED_VARIABLE = YES;
				LOCALIZATION_PREFERS_STRING_CATALOGS = YES;
				MACOSX_DEPLOYMENT_TARGET = 12.0;
				MTL_ENABLE_DEBUG_INFO = NO;
				MTL_FAST_MATH = YES;
				SDKROOT = macosx;
			};
			name = Release;
		};
		E12C8E8D2B46FB7500D3CD3A /* Debug */ = {
			isa = XCBuildConfiguration;
			buildSettings = {
				CODE_SIGN_ENTITLEMENTS = SkeletonizePointCloud/SkeletonizePointCloud.entitlements;
				"CODE_SIGN_IDENTITY[sdk=macosx*]" = "-";
				CODE_SIGN_STYLE = Automatic;
				DEVELOPMENT_TEAM = "";
				ENABLE_HARDENED_RUNTIME = YES;
				FRAMEWORK_SEARCH_PATHS = /Library/Frameworks;
				PRODUCT_NAME = "$(TARGET_NAME)";
			};
			name = Debug;
		};
		E12C8E8E2B46FB7500D3CD3A /* Release */ = {
			isa = XCBuildConfiguration;
			buildSettings = {
				CODE_SIGN_ENTITLEMENTS = SkeletonizePointCloud/SkeletonizePointCloud.entitlements;
				"CODE_SIGN_IDENTITY[sdk=macosx*]" = "-";
				CODE_SIGN_STYLE = Automatic;
				DEVELOPMENT_TEAM = "";
				ENABLE_HARDENED_RUNTIME = YES;
				FRAMEWORK_SEARCH_PATHS = /Library/Frameworks;
				PRODUCT_NAME = "$(TARGET_NAME)";
			};
			name = Release;
		};
/* End XCBuildConfiguration section */

/* Begin XCConfigurationList section */
		E12C8E802B46FB7500D3CD3A /* Build configuration list for PBXProject "SkeletonizePointCloud" */ = {
			isa = XCConfigurationList;
			buildConfigurations = (
				E12C8E8A2B46FB7500D3CD3A /* Debug */,
				E12C8E8B2B46FB7500D3CD3A /* Release */,
			);
			defaultConfigurationIsVisible = 0;
			defaultConfigurationName = Release;
		};
		E12C8E8C2B46FB7500D3CD3A /* Build configuration list for PBXNativeTarget "SkeletonizePointCloud" */ = {
			isa = XCConfigurationList;
			buildConfigurations = (
				E12C8E8D2B46FB7500D3CD3A /* Debug */,
				E12C8E8E2B46FB7500D3CD3A /* Release */,
			);
			defaultConfigurationIsVisible = 0;
			defaultConfigurationName = Release;
		};
/* End XCConfigurationList section */
	};
	rootObject = E12C8E7D2B46FB7500D3CD3A /* Project object */;
}
