<?xml version="1.0" encoding="utf-8"?>
<Project ToolsVersion="4.0" xmlns="http://schemas.microsoft.com/developer/msbuild/2003">
  <ItemGroup>
    <Filter Include="Source Files">
      <UniqueIdentifier>{4FC737F1-C7A5-4376-A066-2A32D752A2FF}</UniqueIdentifier>
      <Extensions>cpp;c;cc;cxx;def;odl;idl;hpj;bat;asm;asmx</Extensions>
    </Filter>
    <Filter Include="Header Files">
      <UniqueIdentifier>{f826c60e-77da-422c-880d-4895ea8034c9}</UniqueIdentifier>
    </Filter>
  </ItemGroup>
  <ItemGroup>
    <ClCompile Include="..\..\src\demo\Pathtracer\mesh.cpp">
      <Filter>Source Files</Filter>
    </ClCompile>
    <ClCompile Include="..\..\src\demo\Pathtracer\metal.cpp">
      <Filter>Source Files</Filter>
    </ClCompile>
    <ClCompile Include="..\..\src\demo\Pathtracer\mt19937ar.cpp">
      <Filter>Source Files</Filter>
    </ClCompile>
    <ClCompile Include="..\..\src\demo\Pathtracer\omni.cpp">
      <Filter>Source Files</Filter>
    </ClCompile>
    <ClCompile Include="..\..\src\demo\Pathtracer\pathtracer.cpp">
      <Filter>Source Files</Filter>
    </ClCompile>
    <ClCompile Include="..\..\src\demo\Pathtracer\plastic.cpp">
      <Filter>Source Files</Filter>
    </ClCompile>
    <ClCompile Include="..\..\src\demo\Pathtracer\scene.cpp">
      <Filter>Source Files</Filter>
    </ClCompile>
    <ClCompile Include="..\..\src\demo\Pathtracer\camera.cpp">
      <Filter>Source Files</Filter>
    </ClCompile>
    <ClCompile Include="..\..\src\demo\Pathtracer\glass.cpp">
      <Filter>Source Files</Filter>
    </ClCompile>
    <ClCompile Include="..\..\src\demo\Pathtracer\luminaire.cpp">
      <Filter>Source Files</Filter>
    </ClCompile>
    <ClCompile Include="..\..\src\demo\Pathtracer\material.cpp">
      <Filter>Source Files</Filter>
    </ClCompile>
    <ClCompile Include="..\..\src\demo\Pathtracer\matte.cpp">
      <Filter>Source Files</Filter>
    </ClCompile>
  </ItemGroup>
  <ItemGroup>
    <ClInclude Include="..\..\src\demo\Pathtracer\pathtracer.h">
      <Filter>Header Files</Filter>
    </ClInclude>
    <ClInclude Include="..\..\src\demo\Pathtracer\plastic.h">
      <Filter>Header Files</Filter>
    </ClInclude>
    <ClInclude Include="..\..\src\demo\Pathtracer\scene.h">
      <Filter>Header Files</Filter>
    </ClInclude>
    <ClInclude Include="..\..\src\demo\Pathtracer\camera.h">
      <Filter>Header Files</Filter>
    </ClInclude>
    <ClInclude Include="..\..\src\demo\Pathtracer\core.h">
      <Filter>Header Files</Filter>
    </ClInclude>
    <ClInclude Include="..\..\src\demo\Pathtracer\glass.h">
      <Filter>Header Files</Filter>
    </ClInclude>
    <ClInclude Include="..\..\src\demo\Pathtracer\luminaire.h">
      <Filter>Header Files</Filter>
    </ClInclude>
    <ClInclude Include="..\..\src\demo\Pathtracer\material.h">
      <Filter>Header Files</Filter>
    </ClInclude>
    <ClInclude Include="..\..\src\demo\Pathtracer\matte.h">
      <Filter>Header Files</Filter>
    </ClInclude>
    <ClInclude Include="..\..\src\demo\Pathtracer\mesh.h">
      <Filter>Header Files</Filter>
    </ClInclude>
    <ClInclude Include="..\..\src\demo\Pathtracer\metal.h">
      <Filter>Header Files</Filter>
    </ClInclude>
    <ClInclude Include="..\..\src\demo\Pathtracer\mt19937ar.h">
      <Filter>Header Files</Filter>
    </ClInclude>
    <ClInclude Include="..\..\src\demo\Pathtracer\omni.h">
      <Filter>Header Files</Filter>
    </ClInclude>
  </ItemGroup>
</Project>