
Microsoft Visual Studio Solution File, Format Version 12.00
# Visual Studio 2013
VisualStudioVersion = 12.0.21005.1
MinimumVisualStudioVersion = 10.0.40219.1
Project("{2150E333-8FDC-42A3-9474-1A3956D46DE8}") = "Test", "Test", "{77234050-E4F4-47B5-88B4-ECCCC1A2EA4A}"
EndProject
Project("{8BC9CEB8-8B4A-11D0-8D11-00A0C91BC942}") = "CGLA-mat", "CGLA-mat\CGLA-mat.vcxproj", "{8F6CC30E-D970-4CB8-9E0E-0B5A7642D5DC}"
EndProject
Project("{8BC9CEB8-8B4A-11D0-8D11-00A0C91BC942}") = "CGLA-ogl", "CGLA-ogl\CGLA-olg.vcxproj", "{6AFA2AAC-4E57-4782-8EF0-75BE65A1AAAD}"
EndProject
Project("{8BC9CEB8-8B4A-11D0-8D11-00A0C91BC942}") = "CGLA-covariance", "CGLA-covariance\CGLA-covariance.vcxproj", "{B7A87FE2-B33D-4681-A8F7-1859B99E06CD}"
EndProject
Project("{8BC9CEB8-8B4A-11D0-8D11-00A0C91BC942}") = "CGLA-simple", "CGLA-simple\CGLA-simple.vcxproj", "{6230BF27-992D-4B14-B2BE-12CB6143515B}"
EndProject
Project("{8BC9CEB8-8B4A-11D0-8D11-00A0C91BC942}") = "CGLA-vec", "CGLA-vec\CGLA-vec.vcxproj", "{D05A0067-05AB-444F-9884-B8CFF74268A2}"
EndProject
Project("{8BC9CEB8-8B4A-11D0-8D11-00A0C91BC942}") = "Geometry-kdtree", "Geometry-kdtree\Geometry-kdtree.vcxproj", "{B4A2467D-72AF-4F4C-886A-63AE74AE4873}"
EndProject
Project("{8BC9CEB8-8B4A-11D0-8D11-00A0C91BC942}") = "GLGraphics-console", "GLGraphics-console\GLGraphics-console.vcxproj", "{E3C0B5A1-E3DF-4B10-AF83-3D4C2D636BB5}"
EndProject
Project("{8BC9CEB8-8B4A-11D0-8D11-00A0C91BC942}") = "LinAlg-eigensolver", "LinAlg-eigensolver\LinAlg-eigensolver.vcxproj", "{B8129763-BF8E-42F2-9022-541D790F4B20}"
EndProject
Project("{8BC9CEB8-8B4A-11D0-8D11-00A0C91BC942}") = "LinAlg-leastsq", "LinAlg-leastsq\LinAlg-leastsq.vcxproj", "{755E8B68-791C-40CD-B9B3-573CB8B91168}"
EndProject
Project("{8BC9CEB8-8B4A-11D0-8D11-00A0C91BC942}") = "Util-resman", "Util-resman\Util-resman.vcxproj", "{9CABFEAE-6C5C-472B-B6DB-A9FCB221A4F3}"
EndProject
Project("{2150E333-8FDC-42A3-9474-1A3956D46DE8}") = "Demo", "Demo", "{AACE351C-F410-4F38-A973-1E5D286CDCF4}"
EndProject
Project("{8BC9CEB8-8B4A-11D0-8D11-00A0C91BC942}") = "MeshDistance", "MeshDistance\MeshDistance.vcxproj", "{7D9B9D0C-18A4-477D-93C5-3EA477B9F2AF}"
EndProject
Project("{8BC9CEB8-8B4A-11D0-8D11-00A0C91BC942}") = "MeshEditCocoa", "MeshEditCocoa\MeshEditCocoa.vcxproj", "{DAACFDA8-9F8E-407A-8ABF-05518E5ADC0C}"
EndProject
Project("{8BC9CEB8-8B4A-11D0-8D11-00A0C91BC942}") = "MeshEditGlut", "MeshEditGlut\MeshEditGlut.vcxproj", "{F3E2DC97-2DB0-4D2F-B5E2-152DFAA69729}"
EndProject
Project("{8BC9CEB8-8B4A-11D0-8D11-00A0C91BC942}") = "Raytracer", "Raytracer\Raytracer.vcxproj", "{D61127A8-8CBD-48B6-9C30-D3BCFD46C0AE}"
EndProject
Project("{8BC9CEB8-8B4A-11D0-8D11-00A0C91BC942}") = "Pathtracer", "Pathtracer\Pathtracer.vcxproj", "{C969350A-BCE2-4840-AF68-EB7129854C77}"
EndProject
Project("{8BC9CEB8-8B4A-11D0-8D11-00A0C91BC942}") = "OBJViewer", "OBJViewer\OBJViewer.vcxproj", "{CE7F347E-D6E2-4C4C-AE29-5CD08CA6C348}"
EndProject
Project("{8BC9CEB8-8B4A-11D0-8D11-00A0C91BC942}") = "GEL", "GEL\GEL.vcxproj", "{88D190C6-D417-47B9-8882-6460A53CD50E}"
EndProject
Global
	GlobalSection(SolutionConfigurationPlatforms) = preSolution
		Debug|Win32 = Debug|Win32
		Release|Win32 = Release|Win32
	EndGlobalSection
	GlobalSection(ProjectConfigurationPlatforms) = postSolution
		{8F6CC30E-D970-4CB8-9E0E-0B5A7642D5DC}.Debug|Win32.ActiveCfg = Debug|Win32
		{8F6CC30E-D970-4CB8-9E0E-0B5A7642D5DC}.Debug|Win32.Build.0 = Debug|Win32
		{8F6CC30E-D970-4CB8-9E0E-0B5A7642D5DC}.Release|Win32.ActiveCfg = Release|Win32
		{8F6CC30E-D970-4CB8-9E0E-0B5A7642D5DC}.Release|Win32.Build.0 = Release|Win32
		{6AFA2AAC-4E57-4782-8EF0-75BE65A1AAAD}.Debug|Win32.ActiveCfg = Debug|Win32
		{6AFA2AAC-4E57-4782-8EF0-75BE65A1AAAD}.Debug|Win32.Build.0 = Debug|Win32
		{6AFA2AAC-4E57-4782-8EF0-75BE65A1AAAD}.Release|Win32.ActiveCfg = Release|Win32
		{6AFA2AAC-4E57-4782-8EF0-75BE65A1AAAD}.Release|Win32.Build.0 = Release|Win32
		{B7A87FE2-B33D-4681-A8F7-1859B99E06CD}.Debug|Win32.ActiveCfg = Debug|Win32
		{B7A87FE2-B33D-4681-A8F7-1859B99E06CD}.Debug|Win32.Build.0 = Debug|Win32
		{B7A87FE2-B33D-4681-A8F7-1859B99E06CD}.Release|Win32.ActiveCfg = Release|Win32
		{B7A87FE2-B33D-4681-A8F7-1859B99E06CD}.Release|Win32.Build.0 = Release|Win32
		{6230BF27-992D-4B14-B2BE-12CB6143515B}.Debug|Win32.ActiveCfg = Debug|Win32
		{6230BF27-992D-4B14-B2BE-12CB6143515B}.Debug|Win32.Build.0 = Debug|Win32
		{6230BF27-992D-4B14-B2BE-12CB6143515B}.Release|Win32.ActiveCfg = Release|Win32
		{6230BF27-992D-4B14-B2BE-12CB6143515B}.Release|Win32.Build.0 = Release|Win32
		{D05A0067-05AB-444F-9884-B8CFF74268A2}.Debug|Win32.ActiveCfg = Debug|Win32
		{D05A0067-05AB-444F-9884-B8CFF74268A2}.Debug|Win32.Build.0 = Debug|Win32
		{D05A0067-05AB-444F-9884-B8CFF74268A2}.Release|Win32.ActiveCfg = Release|Win32
		{D05A0067-05AB-444F-9884-B8CFF74268A2}.Release|Win32.Build.0 = Release|Win32
		{B4A2467D-72AF-4F4C-886A-63AE74AE4873}.Debug|Win32.ActiveCfg = Debug|Win32
		{B4A2467D-72AF-4F4C-886A-63AE74AE4873}.Debug|Win32.Build.0 = Debug|Win32
		{B4A2467D-72AF-4F4C-886A-63AE74AE4873}.Release|Win32.ActiveCfg = Release|Win32
		{B4A2467D-72AF-4F4C-886A-63AE74AE4873}.Release|Win32.Build.0 = Release|Win32
		{E3C0B5A1-E3DF-4B10-AF83-3D4C2D636BB5}.Debug|Win32.ActiveCfg = Debug|Win32
		{E3C0B5A1-E3DF-4B10-AF83-3D4C2D636BB5}.Debug|Win32.Build.0 = Debug|Win32
		{E3C0B5A1-E3DF-4B10-AF83-3D4C2D636BB5}.Release|Win32.ActiveCfg = Release|Win32
		{E3C0B5A1-E3DF-4B10-AF83-3D4C2D636BB5}.Release|Win32.Build.0 = Release|Win32
		{B8129763-BF8E-42F2-9022-541D790F4B20}.Debug|Win32.ActiveCfg = Debug|Win32
		{B8129763-BF8E-42F2-9022-541D790F4B20}.Debug|Win32.Build.0 = Debug|Win32
		{B8129763-BF8E-42F2-9022-541D790F4B20}.Release|Win32.ActiveCfg = Release|Win32
		{B8129763-BF8E-42F2-9022-541D790F4B20}.Release|Win32.Build.0 = Release|Win32
		{755E8B68-791C-40CD-B9B3-573CB8B91168}.Debug|Win32.ActiveCfg = Debug|Win32
		{755E8B68-791C-40CD-B9B3-573CB8B91168}.Debug|Win32.Build.0 = Debug|Win32
		{755E8B68-791C-40CD-B9B3-573CB8B91168}.Release|Win32.ActiveCfg = Release|Win32
		{755E8B68-791C-40CD-B9B3-573CB8B91168}.Release|Win32.Build.0 = Release|Win32
		{9CABFEAE-6C5C-472B-B6DB-A9FCB221A4F3}.Debug|Win32.ActiveCfg = Debug|Win32
		{9CABFEAE-6C5C-472B-B6DB-A9FCB221A4F3}.Debug|Win32.Build.0 = Debug|Win32
		{9CABFEAE-6C5C-472B-B6DB-A9FCB221A4F3}.Release|Win32.ActiveCfg = Release|Win32
		{9CABFEAE-6C5C-472B-B6DB-A9FCB221A4F3}.Release|Win32.Build.0 = Release|Win32
		{7D9B9D0C-18A4-477D-93C5-3EA477B9F2AF}.Debug|Win32.ActiveCfg = Debug|Win32
		{7D9B9D0C-18A4-477D-93C5-3EA477B9F2AF}.Debug|Win32.Build.0 = Debug|Win32
		{7D9B9D0C-18A4-477D-93C5-3EA477B9F2AF}.Release|Win32.ActiveCfg = Release|Win32
		{7D9B9D0C-18A4-477D-93C5-3EA477B9F2AF}.Release|Win32.Build.0 = Release|Win32
		{DAACFDA8-9F8E-407A-8ABF-05518E5ADC0C}.Debug|Win32.ActiveCfg = Debug|Win32
		{DAACFDA8-9F8E-407A-8ABF-05518E5ADC0C}.Debug|Win32.Build.0 = Debug|Win32
		{DAACFDA8-9F8E-407A-8ABF-05518E5ADC0C}.Release|Win32.ActiveCfg = Release|Win32
		{DAACFDA8-9F8E-407A-8ABF-05518E5ADC0C}.Release|Win32.Build.0 = Release|Win32
		{F3E2DC97-2DB0-4D2F-B5E2-152DFAA69729}.Debug|Win32.ActiveCfg = Debug|Win32
		{F3E2DC97-2DB0-4D2F-B5E2-152DFAA69729}.Debug|Win32.Build.0 = Debug|Win32
		{F3E2DC97-2DB0-4D2F-B5E2-152DFAA69729}.Release|Win32.ActiveCfg = Release|Win32
		{F3E2DC97-2DB0-4D2F-B5E2-152DFAA69729}.Release|Win32.Build.0 = Release|Win32
		{D61127A8-8CBD-48B6-9C30-D3BCFD46C0AE}.Debug|Win32.ActiveCfg = Debug|Win32
		{D61127A8-8CBD-48B6-9C30-D3BCFD46C0AE}.Debug|Win32.Build.0 = Debug|Win32
		{D61127A8-8CBD-48B6-9C30-D3BCFD46C0AE}.Release|Win32.ActiveCfg = Release|Win32
		{D61127A8-8CBD-48B6-9C30-D3BCFD46C0AE}.Release|Win32.Build.0 = Release|Win32
		{C969350A-BCE2-4840-AF68-EB7129854C77}.Debug|Win32.ActiveCfg = Debug|Win32
		{C969350A-BCE2-4840-AF68-EB7129854C77}.Debug|Win32.Build.0 = Debug|Win32
		{C969350A-BCE2-4840-AF68-EB7129854C77}.Release|Win32.ActiveCfg = Release|Win32
		{C969350A-BCE2-4840-AF68-EB7129854C77}.Release|Win32.Build.0 = Release|Win32
		{CE7F347E-D6E2-4C4C-AE29-5CD08CA6C348}.Debug|Win32.ActiveCfg = Debug|Win32
		{CE7F347E-D6E2-4C4C-AE29-5CD08CA6C348}.Debug|Win32.Build.0 = Debug|Win32
		{CE7F347E-D6E2-4C4C-AE29-5CD08CA6C348}.Release|Win32.ActiveCfg = Release|Win32
		{CE7F347E-D6E2-4C4C-AE29-5CD08CA6C348}.Release|Win32.Build.0 = Release|Win32
		{88D190C6-D417-47B9-8882-6460A53CD50E}.Debug|Win32.ActiveCfg = Debug|Win32
		{88D190C6-D417-47B9-8882-6460A53CD50E}.Debug|Win32.Build.0 = Debug|Win32
		{88D190C6-D417-47B9-8882-6460A53CD50E}.Release|Win32.ActiveCfg = Release|Win32
		{88D190C6-D417-47B9-8882-6460A53CD50E}.Release|Win32.Build.0 = Release|Win32
	EndGlobalSection
	GlobalSection(SolutionProperties) = preSolution
		HideSolutionNode = FALSE
	EndGlobalSection
	GlobalSection(NestedProjects) = preSolution
		{8F6CC30E-D970-4CB8-9E0E-0B5A7642D5DC} = {77234050-E4F4-47B5-88B4-ECCCC1A2EA4A}
		{6AFA2AAC-4E57-4782-8EF0-75BE65A1AAAD} = {77234050-E4F4-47B5-88B4-ECCCC1A2EA4A}
		{B7A87FE2-B33D-4681-A8F7-1859B99E06CD} = {77234050-E4F4-47B5-88B4-ECCCC1A2EA4A}
		{6230BF27-992D-4B14-B2BE-12CB6143515B} = {77234050-E4F4-47B5-88B4-ECCCC1A2EA4A}
		{D05A0067-05AB-444F-9884-B8CFF74268A2} = {77234050-E4F4-47B5-88B4-ECCCC1A2EA4A}
		{B4A2467D-72AF-4F4C-886A-63AE74AE4873} = {77234050-E4F4-47B5-88B4-ECCCC1A2EA4A}
		{E3C0B5A1-E3DF-4B10-AF83-3D4C2D636BB5} = {77234050-E4F4-47B5-88B4-ECCCC1A2EA4A}
		{B8129763-BF8E-42F2-9022-541D790F4B20} = {77234050-E4F4-47B5-88B4-ECCCC1A2EA4A}
		{755E8B68-791C-40CD-B9B3-573CB8B91168} = {77234050-E4F4-47B5-88B4-ECCCC1A2EA4A}
		{9CABFEAE-6C5C-472B-B6DB-A9FCB221A4F3} = {77234050-E4F4-47B5-88B4-ECCCC1A2EA4A}
		{7D9B9D0C-18A4-477D-93C5-3EA477B9F2AF} = {AACE351C-F410-4F38-A973-1E5D286CDCF4}
		{DAACFDA8-9F8E-407A-8ABF-05518E5ADC0C} = {AACE351C-F410-4F38-A973-1E5D286CDCF4}
		{F3E2DC97-2DB0-4D2F-B5E2-152DFAA69729} = {AACE351C-F410-4F38-A973-1E5D286CDCF4}
		{D61127A8-8CBD-48B6-9C30-D3BCFD46C0AE} = {AACE351C-F410-4F38-A973-1E5D286CDCF4}
		{C969350A-BCE2-4840-AF68-EB7129854C77} = {AACE351C-F410-4F38-A973-1E5D286CDCF4}
		{CE7F347E-D6E2-4C4C-AE29-5CD08CA6C348} = {AACE351C-F410-4F38-A973-1E5D286CDCF4}
	EndGlobalSection
EndGlobal
